
Microsoft Visual Studio Solution File, Format Version 12.00
Project("{FAE04EC0-301F-11D3-BF4B-00C04F79EFBC}") = "MegaMercado.WebApi", "src\MegaMercado.WebApi\MegaMercado.WebApi.csproj", "{1F304D6A-809D-490C-8E8E-08BED933B496}"
EndProject
Project("{FAE04EC0-301F-11D3-BF4B-00C04F79EFBC}") = "MegaMercado.Domain", "src\MegaMercado.Domain\MegaMercado.Domain.csproj", "{2D2EBE88-3696-468D-ABD2-5AF6EA27FB97}"
EndProject
Project("{FAE04EC0-301F-11D3-BF4B-00C04F79EFBC}") = "MegaMercado.DatasetImport", "src\MegaMercado.DatasetImport\MegaMercado.DatasetImport.csproj", "{E2C9FFAF-4CE3-416E-8FE8-A66FE40291A7}"
EndProject
Project("{2150E333-8FDC-42A3-9474-1A3956D46DE8}") = "Solution Items", "Solution Items", "{CAD011D7-96ED-48DD-B11E-7099F133D303}"
	ProjectSection(SolutionItems) = preProject
		docker-compose.yml = docker-compose.yml
		docker-compose-postgres = docker-compose-postgres
		.dockerignore = .dockerignore
	EndProjectSection
EndProject
Project("{FAE04EC0-301F-11D3-BF4B-00C04F79EFBC}") = "MegaMercado.Infrastructure", "src\MegaMercado.Infrastructure\MegaMercado.Infrastructure.csproj", "{FB25C9C2-F8E5-4E53-ADC8-DBB368E2C66D}"
EndProject
Project("{2150E333-8FDC-42A3-9474-1A3956D46DE8}") = "Learning", "Learning", "{1DE63450-2F1E-4E00-A1B0-D294A9E05053}"
EndProject
Project("{FAE04EC0-301F-11D3-BF4B-00C04F79EFBC}") = "MegaMercado.Application", "MegaMercado.Application\MegaMercado.Application.csproj", "{6023801A-06DE-4204-985F-F31E93567026}"
EndProject
Project("{2150E333-8FDC-42A3-9474-1A3956D46DE8}") = "ScratchPads", "ScratchPads", "{238C223B-CD45-42F7-A01F-B2A696A48EDD}"
EndProject
Project("{FAE04EC0-301F-11D3-BF4B-00C04F79EFBC}") = "MegaMercado.Domain.Tests", "MegaMercado.Domain.Tests\MegaMercado.Domain.Tests.csproj", "{08405558-43B2-4C61-AC0C-3D129B2F3470}"
EndProject
Project("{2150E333-8FDC-42A3-9474-1A3956D46DE8}") = "Tests", "Tests", "{EFB3E699-4CD3-4600-A2FD-E7C87553CBB9}"
EndProject
Global
	GlobalSection(SolutionConfigurationPlatforms) = preSolution
		Debug|Any CPU = Debug|Any CPU
		Release|Any CPU = Release|Any CPU
	EndGlobalSection
	GlobalSection(ProjectConfigurationPlatforms) = postSolution
		{1F304D6A-809D-490C-8E8E-08BED933B496}.Debug|Any CPU.ActiveCfg = Debug|Any CPU
		{1F304D6A-809D-490C-8E8E-08BED933B496}.Debug|Any CPU.Build.0 = Debug|Any CPU
		{1F304D6A-809D-490C-8E8E-08BED933B496}.Release|Any CPU.ActiveCfg = Release|Any CPU
		{1F304D6A-809D-490C-8E8E-08BED933B496}.Release|Any CPU.Build.0 = Release|Any CPU
		{2D2EBE88-3696-468D-ABD2-5AF6EA27FB97}.Debug|Any CPU.ActiveCfg = Debug|Any CPU
		{2D2EBE88-3696-468D-ABD2-5AF6EA27FB97}.Debug|Any CPU.Build.0 = Debug|Any CPU
		{2D2EBE88-3696-468D-ABD2-5AF6EA27FB97}.Release|Any CPU.ActiveCfg = Release|Any CPU
		{2D2EBE88-3696-468D-ABD2-5AF6EA27FB97}.Release|Any CPU.Build.0 = Release|Any CPU
		{E2C9FFAF-4CE3-416E-8FE8-A66FE40291A7}.Debug|Any CPU.ActiveCfg = Debug|Any CPU
		{E2C9FFAF-4CE3-416E-8FE8-A66FE40291A7}.Debug|Any CPU.Build.0 = Debug|Any CPU
		{E2C9FFAF-4CE3-416E-8FE8-A66FE40291A7}.Release|Any CPU.ActiveCfg = Release|Any CPU
		{E2C9FFAF-4CE3-416E-8FE8-A66FE40291A7}.Release|Any CPU.Build.0 = Release|Any CPU
		{FB25C9C2-F8E5-4E53-ADC8-DBB368E2C66D}.Debug|Any CPU.ActiveCfg = Debug|Any CPU
		{FB25C9C2-F8E5-4E53-ADC8-DBB368E2C66D}.Debug|Any CPU.Build.0 = Debug|Any CPU
		{FB25C9C2-F8E5-4E53-ADC8-DBB368E2C66D}.Release|Any CPU.ActiveCfg = Release|Any CPU
		{FB25C9C2-F8E5-4E53-ADC8-DBB368E2C66D}.Release|Any CPU.Build.0 = Release|Any CPU
		{6023801A-06DE-4204-985F-F31E93567026}.Debug|Any CPU.ActiveCfg = Debug|Any CPU
		{6023801A-06DE-4204-985F-F31E93567026}.Debug|Any CPU.Build.0 = Debug|Any CPU
		{6023801A-06DE-4204-985F-F31E93567026}.Release|Any CPU.ActiveCfg = Release|Any CPU
		{6023801A-06DE-4204-985F-F31E93567026}.Release|Any CPU.Build.0 = Release|Any CPU
		{08405558-43B2-4C61-AC0C-3D129B2F3470}.Debug|Any CPU.ActiveCfg = Debug|Any CPU
		{08405558-43B2-4C61-AC0C-3D129B2F3470}.Debug|Any CPU.Build.0 = Debug|Any CPU
		{08405558-43B2-4C61-AC0C-3D129B2F3470}.Release|Any CPU.ActiveCfg = Release|Any CPU
		{08405558-43B2-4C61-AC0C-3D129B2F3470}.Release|Any CPU.Build.0 = Release|Any CPU
	EndGlobalSection
	GlobalSection(NestedProjects) = preSolution
		{1DE63450-2F1E-4E00-A1B0-D294A9E05053} = {CAD011D7-96ED-48DD-B11E-7099F133D303}
		{E2C9FFAF-4CE3-416E-8FE8-A66FE40291A7} = {238C223B-CD45-42F7-A01F-B2A696A48EDD}
		{08405558-43B2-4C61-AC0C-3D129B2F3470} = {EFB3E699-4CD3-4600-A2FD-E7C87553CBB9}
	EndGlobalSection
EndGlobal
